// !$*UTF8*$!
{
	archiveVersion = 1;
	classes = {
	};
	objectVersion = 55;
	objects = {

/* Begin PBXBuildFile section */
		06C4D3F75CDD079A7A421A9C /* Pods_Flixter.framework in Frameworks */ = {isa = PBXBuildFile; fileRef = E37641B7C6A9CA6844C39D1F /* Pods_Flixter.framework */; };
		180BC39FE2FC51AD18769C73 /* Pods_Flixter_FlixterUITests.framework in Frameworks */ = {isa = PBXBuildFile; fileRef = 18C68BE4E97232BCE0F4D481 /* Pods_Flixter_FlixterUITests.framework */; };
		D94F22BF285A4D2500E22457 /* AppDelegate.m in Sources */ = {isa = PBXBuildFile; fileRef = D94F22BE285A4D2500E22457 /* AppDelegate.m */; };
		D94F22C2285A4D2500E22457 /* SceneDelegate.m in Sources */ = {isa = PBXBuildFile; fileRef = D94F22C1285A4D2500E22457 /* SceneDelegate.m */; };
		D94F22C5285A4D2500E22457 /* ViewController.m in Sources */ = {isa = PBXBuildFile; fileRef = D94F22C4285A4D2500E22457 /* ViewController.m */; };
		D94F22C8285A4D2500E22457 /* Main.storyboard in Resources */ = {isa = PBXBuildFile; fileRef = D94F22C6285A4D2500E22457 /* Main.storyboard */; };
		D94F22CA285A4D2600E22457 /* Assets.xcassets in Resources */ = {isa = PBXBuildFile; fileRef = D94F22C9285A4D2600E22457 /* Assets.xcassets */; };
		D94F22CD285A4D2600E22457 /* LaunchScreen.storyboard in Resources */ = {isa = PBXBuildFile; fileRef = D94F22CB285A4D2600E22457 /* LaunchScreen.storyboard */; };
		D94F22D0285A4D2600E22457 /* main.m in Sources */ = {isa = PBXBuildFile; fileRef = D94F22CF285A4D2600E22457 /* main.m */; };
		D94F22DA285A4D2600E22457 /* FlixterTests.m in Sources */ = {isa = PBXBuildFile; fileRef = D94F22D9285A4D2600E22457 /* FlixterTests.m */; };
		D94F22E4285A4D2600E22457 /* FlixterUITests.m in Sources */ = {isa = PBXBuildFile; fileRef = D94F22E3285A4D2600E22457 /* FlixterUITests.m */; };
		D94F22E6285A4D2600E22457 /* FlixterUITestsLaunchTests.m in Sources */ = {isa = PBXBuildFile; fileRef = D94F22E5285A4D2600E22457 /* FlixterUITestsLaunchTests.m */; };
		D94F22F4285A566F00E22457 /* MovieViewController.m in Sources */ = {isa = PBXBuildFile; fileRef = D94F22F3285A566F00E22457 /* MovieViewController.m */; };
		D9CF9FA4285A8B0C00213C2B /* MovieCell.m in Sources */ = {isa = PBXBuildFile; fileRef = D9CF9FA3285A8B0C00213C2B /* MovieCell.m */; };
		D9F47933285C14440048AD25 /* DetailsViewController.m in Sources */ = {isa = PBXBuildFile; fileRef = D9F47932285C14440048AD25 /* DetailsViewController.m */; };
		D9F47936285C52360048AD25 /* CollectionViewController.m in Sources */ = {isa = PBXBuildFile; fileRef = D9F47935285C52360048AD25 /* CollectionViewController.m */; };
		D9F4793C285C52D70048AD25 /* CollectionCell.m in Sources */ = {isa = PBXBuildFile; fileRef = D9F4793B285C52D70048AD25 /* CollectionCell.m */; };
		FB65E15BA0978332E4427962 /* Pods_FlixterTests.framework in Frameworks */ = {isa = PBXBuildFile; fileRef = 21A4654BE60BB4AD52AACE48 /* Pods_FlixterTests.framework */; };
/* End PBXBuildFile section */

/* Begin PBXContainerItemProxy section */
		D94F22D6285A4D2600E22457 /* PBXContainerItemProxy */ = {
			isa = PBXContainerItemProxy;
			containerPortal = D94F22B2285A4D2500E22457 /* Project object */;
			proxyType = 1;
			remoteGlobalIDString = D94F22B9285A4D2500E22457;
			remoteInfo = Flixter;
		};
		D94F22E0285A4D2600E22457 /* PBXContainerItemProxy */ = {
			isa = PBXContainerItemProxy;
			containerPortal = D94F22B2285A4D2500E22457 /* Project object */;
			proxyType = 1;
			remoteGlobalIDString = D94F22B9285A4D2500E22457;
			remoteInfo = Flixter;
		};
/* End PBXContainerItemProxy section */

/* Begin PBXFileReference section */
		102D187E444B499CEA942A07 /* Pods-Flixter-FlixterUITests.release.xcconfig */ = {isa = PBXFileReference; includeInIndex = 1; lastKnownFileType = text.xcconfig; name = "Pods-Flixter-FlixterUITests.release.xcconfig"; path = "Target Support Files/Pods-Flixter-FlixterUITests/Pods-Flixter-FlixterUITests.release.xcconfig"; sourceTree = "<group>"; };
		18C68BE4E97232BCE0F4D481 /* Pods_Flixter_FlixterUITests.framework */ = {isa = PBXFileReference; explicitFileType = wrapper.framework; includeInIndex = 0; path = Pods_Flixter_FlixterUITests.framework; sourceTree = BUILT_PRODUCTS_DIR; };
		21A4654BE60BB4AD52AACE48 /* Pods_FlixterTests.framework */ = {isa = PBXFileReference; explicitFileType = wrapper.framework; includeInIndex = 0; path = Pods_FlixterTests.framework; sourceTree = BUILT_PRODUCTS_DIR; };
		256681909863D5C4BA78F00D /* Pods-Flixter.debug.xcconfig */ = {isa = PBXFileReference; includeInIndex = 1; lastKnownFileType = text.xcconfig; name = "Pods-Flixter.debug.xcconfig"; path = "Target Support Files/Pods-Flixter/Pods-Flixter.debug.xcconfig"; sourceTree = "<group>"; };
		7C6E8EF46D8941344D3EC6B2 /* Pods-FlixterTests.release.xcconfig */ = {isa = PBXFileReference; includeInIndex = 1; lastKnownFileType = text.xcconfig; name = "Pods-FlixterTests.release.xcconfig"; path = "Target Support Files/Pods-FlixterTests/Pods-FlixterTests.release.xcconfig"; sourceTree = "<group>"; };
		90BE8668A2EE2ABB13D18AA0 /* Pods-FlixterTests.debug.xcconfig */ = {isa = PBXFileReference; includeInIndex = 1; lastKnownFileType = text.xcconfig; name = "Pods-FlixterTests.debug.xcconfig"; path = "Target Support Files/Pods-FlixterTests/Pods-FlixterTests.debug.xcconfig"; sourceTree = "<group>"; };
		9742918B26DD309616BB2E5A /* Pods-Flixter-FlixterUITests.debug.xcconfig */ = {isa = PBXFileReference; includeInIndex = 1; lastKnownFileType = text.xcconfig; name = "Pods-Flixter-FlixterUITests.debug.xcconfig"; path = "Target Support Files/Pods-Flixter-FlixterUITests/Pods-Flixter-FlixterUITests.debug.xcconfig"; sourceTree = "<group>"; };
		D769453322A35C7C7015FF39 /* Pods-Flixter.release.xcconfig */ = {isa = PBXFileReference; includeInIndex = 1; lastKnownFileType = text.xcconfig; name = "Pods-Flixter.release.xcconfig"; path = "Target Support Files/Pods-Flixter/Pods-Flixter.release.xcconfig"; sourceTree = "<group>"; };
		D94F22BA285A4D2500E22457 /* Flixter.app */ = {isa = PBXFileReference; explicitFileType = wrapper.application; includeInIndex = 0; path = Flixter.app; sourceTree = BUILT_PRODUCTS_DIR; };
		D94F22BD285A4D2500E22457 /* AppDelegate.h */ = {isa = PBXFileReference; lastKnownFileType = sourcecode.c.h; path = AppDelegate.h; sourceTree = "<group>"; };
		D94F22BE285A4D2500E22457 /* AppDelegate.m */ = {isa = PBXFileReference; lastKnownFileType = sourcecode.c.objc; path = AppDelegate.m; sourceTree = "<group>"; };
		D94F22C0285A4D2500E22457 /* SceneDelegate.h */ = {isa = PBXFileReference; lastKnownFileType = sourcecode.c.h; path = SceneDelegate.h; sourceTree = "<group>"; };
		D94F22C1285A4D2500E22457 /* SceneDelegate.m */ = {isa = PBXFileReference; lastKnownFileType = sourcecode.c.objc; path = SceneDelegate.m; sourceTree = "<group>"; };
		D94F22C3285A4D2500E22457 /* ViewController.h */ = {isa = PBXFileReference; lastKnownFileType = sourcecode.c.h; path = ViewController.h; sourceTree = "<group>"; };
		D94F22C4285A4D2500E22457 /* ViewController.m */ = {isa = PBXFileReference; lastKnownFileType = sourcecode.c.objc; path = ViewController.m; sourceTree = "<group>"; };
		D94F22C7285A4D2500E22457 /* Base */ = {isa = PBXFileReference; lastKnownFileType = file.storyboard; name = Base; path = Base.lproj/Main.storyboard; sourceTree = "<group>"; };
		D94F22C9285A4D2600E22457 /* Assets.xcassets */ = {isa = PBXFileReference; lastKnownFileType = folder.assetcatalog; path = Assets.xcassets; sourceTree = "<group>"; };
		D94F22CC285A4D2600E22457 /* Base */ = {isa = PBXFileReference; lastKnownFileType = file.storyboard; name = Base; path = Base.lproj/LaunchScreen.storyboard; sourceTree = "<group>"; };
		D94F22CE285A4D2600E22457 /* Info.plist */ = {isa = PBXFileReference; lastKnownFileType = text.plist.xml; path = Info.plist; sourceTree = "<group>"; };
		D94F22CF285A4D2600E22457 /* main.m */ = {isa = PBXFileReference; lastKnownFileType = sourcecode.c.objc; path = main.m; sourceTree = "<group>"; };
		D94F22D5285A4D2600E22457 /* FlixterTests.xctest */ = {isa = PBXFileReference; explicitFileType = wrapper.cfbundle; includeInIndex = 0; path = FlixterTests.xctest; sourceTree = BUILT_PRODUCTS_DIR; };
		D94F22D9285A4D2600E22457 /* FlixterTests.m */ = {isa = PBXFileReference; lastKnownFileType = sourcecode.c.objc; path = FlixterTests.m; sourceTree = "<group>"; };
		D94F22DF285A4D2600E22457 /* FlixterUITests.xctest */ = {isa = PBXFileReference; explicitFileType = wrapper.cfbundle; includeInIndex = 0; path = FlixterUITests.xctest; sourceTree = BUILT_PRODUCTS_DIR; };
		D94F22E3285A4D2600E22457 /* FlixterUITests.m */ = {isa = PBXFileReference; lastKnownFileType = sourcecode.c.objc; path = FlixterUITests.m; sourceTree = "<group>"; };
		D94F22E5285A4D2600E22457 /* FlixterUITestsLaunchTests.m */ = {isa = PBXFileReference; lastKnownFileType = sourcecode.c.objc; path = FlixterUITestsLaunchTests.m; sourceTree = "<group>"; };
		D94F22F2285A566F00E22457 /* MovieViewController.h */ = {isa = PBXFileReference; lastKnownFileType = sourcecode.c.h; path = MovieViewController.h; sourceTree = "<group>"; };
		D94F22F3285A566F00E22457 /* MovieViewController.m */ = {isa = PBXFileReference; lastKnownFileType = sourcecode.c.objc; path = MovieViewController.m; sourceTree = "<group>"; };
		D9CF9FA2285A8B0C00213C2B /* MovieCell.h */ = {isa = PBXFileReference; lastKnownFileType = sourcecode.c.h; path = MovieCell.h; sourceTree = "<group>"; };
		D9CF9FA3285A8B0C00213C2B /* MovieCell.m */ = {isa = PBXFileReference; lastKnownFileType = sourcecode.c.objc; path = MovieCell.m; sourceTree = "<group>"; };
		D9F47931285C14440048AD25 /* DetailsViewController.h */ = {isa = PBXFileReference; lastKnownFileType = sourcecode.c.h; path = DetailsViewController.h; sourceTree = "<group>"; };
		D9F47932285C14440048AD25 /* DetailsViewController.m */ = {isa = PBXFileReference; lastKnownFileType = sourcecode.c.objc; path = DetailsViewController.m; sourceTree = "<group>"; };
		D9F47934285C52360048AD25 /* CollectionViewController.h */ = {isa = PBXFileReference; lastKnownFileType = sourcecode.c.h; path = CollectionViewController.h; sourceTree = "<group>"; };
		D9F47935285C52360048AD25 /* CollectionViewController.m */ = {isa = PBXFileReference; lastKnownFileType = sourcecode.c.objc; path = CollectionViewController.m; sourceTree = "<group>"; };
		D9F4793A285C52D70048AD25 /* CollectionCell.h */ = {isa = PBXFileReference; lastKnownFileType = sourcecode.c.h; path = CollectionCell.h; sourceTree = "<group>"; };
		D9F4793B285C52D70048AD25 /* CollectionCell.m */ = {isa = PBXFileReference; lastKnownFileType = sourcecode.c.objc; path = CollectionCell.m; sourceTree = "<group>"; };
		E37641B7C6A9CA6844C39D1F /* Pods_Flixter.framework */ = {isa = PBXFileReference; explicitFileType = wrapper.framework; includeInIndex = 0; path = Pods_Flixter.framework; sourceTree = BUILT_PRODUCTS_DIR; };
/* End PBXFileReference section */

/* Begin PBXFrameworksBuildPhase section */
		D94F22B7285A4D2500E22457 /* Frameworks */ = {
			isa = PBXFrameworksBuildPhase;
			buildActionMask = 2147483647;
			files = (
				06C4D3F75CDD079A7A421A9C /* Pods_Flixter.framework in Frameworks */,
			);
			runOnlyForDeploymentPostprocessing = 0;
		};
		D94F22D2285A4D2600E22457 /* Frameworks */ = {
			isa = PBXFrameworksBuildPhase;
			buildActionMask = 2147483647;
			files = (
				FB65E15BA0978332E4427962 /* Pods_FlixterTests.framework in Frameworks */,
			);
			runOnlyForDeploymentPostprocessing = 0;
		};
		D94F22DC285A4D2600E22457 /* Frameworks */ = {
			isa = PBXFrameworksBuildPhase;
			buildActionMask = 2147483647;
			files = (
				180BC39FE2FC51AD18769C73 /* Pods_Flixter_FlixterUITests.framework in Frameworks */,
			);
			runOnlyForDeploymentPostprocessing = 0;
		};
/* End PBXFrameworksBuildPhase section */

/* Begin PBXGroup section */
		1409D62CE4EABCF14DB67D5A /* Pods */ = {
			isa = PBXGroup;
			children = (
				256681909863D5C4BA78F00D /* Pods-Flixter.debug.xcconfig */,
				D769453322A35C7C7015FF39 /* Pods-Flixter.release.xcconfig */,
				9742918B26DD309616BB2E5A /* Pods-Flixter-FlixterUITests.debug.xcconfig */,
				102D187E444B499CEA942A07 /* Pods-Flixter-FlixterUITests.release.xcconfig */,
				90BE8668A2EE2ABB13D18AA0 /* Pods-FlixterTests.debug.xcconfig */,
				7C6E8EF46D8941344D3EC6B2 /* Pods-FlixterTests.release.xcconfig */,
			);
			path = Pods;
			sourceTree = "<group>";
		};
		2B73EB89FE65BEFB9F3C5567 /* Frameworks */ = {
			isa = PBXGroup;
			children = (
				E37641B7C6A9CA6844C39D1F /* Pods_Flixter.framework */,
				18C68BE4E97232BCE0F4D481 /* Pods_Flixter_FlixterUITests.framework */,
				21A4654BE60BB4AD52AACE48 /* Pods_FlixterTests.framework */,
			);
			name = Frameworks;
			sourceTree = "<group>";
		};
		D94F22B1285A4D2500E22457 = {
			isa = PBXGroup;
			children = (
				D94F22BC285A4D2500E22457 /* Flixter */,
				D94F22D8285A4D2600E22457 /* FlixterTests */,
				D94F22E2285A4D2600E22457 /* FlixterUITests */,
				D94F22BB285A4D2500E22457 /* Products */,
				1409D62CE4EABCF14DB67D5A /* Pods */,
				2B73EB89FE65BEFB9F3C5567 /* Frameworks */,
			);
			sourceTree = "<group>";
		};
		D94F22BB285A4D2500E22457 /* Products */ = {
			isa = PBXGroup;
			children = (
				D94F22BA285A4D2500E22457 /* Flixter.app */,
				D94F22D5285A4D2600E22457 /* FlixterTests.xctest */,
				D94F22DF285A4D2600E22457 /* FlixterUITests.xctest */,
			);
			name = Products;
			sourceTree = "<group>";
		};
		D94F22BC285A4D2500E22457 /* Flixter */ = {
			isa = PBXGroup;
			children = (
				D94F22BD285A4D2500E22457 /* AppDelegate.h */,
				D94F22BE285A4D2500E22457 /* AppDelegate.m */,
				D94F22C0285A4D2500E22457 /* SceneDelegate.h */,
				D94F22C1285A4D2500E22457 /* SceneDelegate.m */,
				D94F22C3285A4D2500E22457 /* ViewController.h */,
				D94F22C4285A4D2500E22457 /* ViewController.m */,
				D94F22C6285A4D2500E22457 /* Main.storyboard */,
				D9F4793A285C52D70048AD25 /* CollectionCell.h */,
				D9F4793B285C52D70048AD25 /* CollectionCell.m */,
				D9F47934285C52360048AD25 /* CollectionViewController.h */,
				D9F47935285C52360048AD25 /* CollectionViewController.m */,
				D9CF9FA2285A8B0C00213C2B /* MovieCell.h */,
				D9CF9FA3285A8B0C00213C2B /* MovieCell.m */,
				D94F22F2285A566F00E22457 /* MovieViewController.h */,
				D94F22F3285A566F00E22457 /* MovieViewController.m */,
				D94F22C9285A4D2600E22457 /* Assets.xcassets */,
				D94F22CB285A4D2600E22457 /* LaunchScreen.storyboard */,
				D94F22CE285A4D2600E22457 /* Info.plist */,
				D94F22CF285A4D2600E22457 /* main.m */,
				D9F47931285C14440048AD25 /* DetailsViewController.h */,
				D9F47932285C14440048AD25 /* DetailsViewController.m */,
			);
			path = Flixter;
			sourceTree = "<group>";
		};
		D94F22D8285A4D2600E22457 /* FlixterTests */ = {
			isa = PBXGroup;
			children = (
				D94F22D9285A4D2600E22457 /* FlixterTests.m */,
			);
			path = FlixterTests;
			sourceTree = "<group>";
		};
		D94F22E2285A4D2600E22457 /* FlixterUITests */ = {
			isa = PBXGroup;
			children = (
				D94F22E3285A4D2600E22457 /* FlixterUITests.m */,
				D94F22E5285A4D2600E22457 /* FlixterUITestsLaunchTests.m */,
			);
			path = FlixterUITests;
			sourceTree = "<group>";
		};
/* End PBXGroup section */

/* Begin PBXNativeTarget section */
		D94F22B9285A4D2500E22457 /* Flixter */ = {
			isa = PBXNativeTarget;
			buildConfigurationList = D94F22E9285A4D2600E22457 /* Build configuration list for PBXNativeTarget "Flixter" */;
			buildPhases = (
				850F85C6ECE1F1F9388D7323 /* [CP] Check Pods Manifest.lock */,
				D94F22B6285A4D2500E22457 /* Sources */,
				D94F22B7285A4D2500E22457 /* Frameworks */,
				D94F22B8285A4D2500E22457 /* Resources */,
				C0F0B42B1AE2E6AFA200DDA2 /* [CP] Embed Pods Frameworks */,
			);
			buildRules = (
			);
			dependencies = (
			);
			name = Flixter;
			productName = Flixter;
			productReference = D94F22BA285A4D2500E22457 /* Flixter.app */;
			productType = "com.apple.product-type.application";
		};
		D94F22D4285A4D2600E22457 /* FlixterTests */ = {
			isa = PBXNativeTarget;
			buildConfigurationList = D94F22EC285A4D2600E22457 /* Build configuration list for PBXNativeTarget "FlixterTests" */;
			buildPhases = (
				27701A24FFE764DD0A53FE05 /* [CP] Check Pods Manifest.lock */,
				D94F22D1285A4D2600E22457 /* Sources */,
				D94F22D2285A4D2600E22457 /* Frameworks */,
				D94F22D3285A4D2600E22457 /* Resources */,
			);
			buildRules = (
			);
			dependencies = (
				D94F22D7285A4D2600E22457 /* PBXTargetDependency */,
			);
			name = FlixterTests;
			productName = FlixterTests;
			productReference = D94F22D5285A4D2600E22457 /* FlixterTests.xctest */;
			productType = "com.apple.product-type.bundle.unit-test";
		};
		D94F22DE285A4D2600E22457 /* FlixterUITests */ = {
			isa = PBXNativeTarget;
			buildConfigurationList = D94F22EF285A4D2600E22457 /* Build configuration list for PBXNativeTarget "FlixterUITests" */;
			buildPhases = (
				CDBAE26DA3EF89E9FE762870 /* [CP] Check Pods Manifest.lock */,
				D94F22DB285A4D2600E22457 /* Sources */,
				D94F22DC285A4D2600E22457 /* Frameworks */,
				D94F22DD285A4D2600E22457 /* Resources */,
				8B0234E1B270A05AEC2ED103 /* [CP] Embed Pods Frameworks */,
			);
			buildRules = (
			);
			dependencies = (
				D94F22E1285A4D2600E22457 /* PBXTargetDependency */,
			);
			name = FlixterUITests;
			productName = FlixterUITests;
			productReference = D94F22DF285A4D2600E22457 /* FlixterUITests.xctest */;
			productType = "com.apple.product-type.bundle.ui-testing";
		};
/* End PBXNativeTarget section */

/* Begin PBXProject section */
		D94F22B2285A4D2500E22457 /* Project object */ = {
			isa = PBXProject;
			attributes = {
				BuildIndependentTargetsInParallel = 1;
				LastUpgradeCheck = 1340;
				TargetAttributes = {
					D94F22B9285A4D2500E22457 = {
						CreatedOnToolsVersion = 13.4.1;
					};
					D94F22D4285A4D2600E22457 = {
						CreatedOnToolsVersion = 13.4.1;
						TestTargetID = D94F22B9285A4D2500E22457;
					};
					D94F22DE285A4D2600E22457 = {
						CreatedOnToolsVersion = 13.4.1;
						TestTargetID = D94F22B9285A4D2500E22457;
					};
				};
			};
			buildConfigurationList = D94F22B5285A4D2500E22457 /* Build configuration list for PBXProject "Flixter" */;
			compatibilityVersion = "Xcode 13.0";
			developmentRegion = en;
			hasScannedForEncodings = 0;
			knownRegions = (
				en,
				Base,
			);
			mainGroup = D94F22B1285A4D2500E22457;
			productRefGroup = D94F22BB285A4D2500E22457 /* Products */;
			projectDirPath = "";
			projectRoot = "";
			targets = (
				D94F22B9285A4D2500E22457 /* Flixter */,
				D94F22D4285A4D2600E22457 /* FlixterTests */,
				D94F22DE285A4D2600E22457 /* FlixterUITests */,
			);
		};
/* End PBXProject section */

/* Begin PBXResourcesBuildPhase section */
		D94F22B8285A4D2500E22457 /* Resources */ = {
			isa = PBXResourcesBuildPhase;
			buildActionMask = 2147483647;
			files = (
				D94F22CD285A4D2600E22457 /* LaunchScreen.storyboard in Resources */,
				D94F22CA285A4D2600E22457 /* Assets.xcassets in Resources */,
				D94F22C8285A4D2500E22457 /* Main.storyboard in Resources */,
			);
			runOnlyForDeploymentPostprocessing = 0;
		};
		D94F22D3285A4D2600E22457 /* Resources */ = {
			isa = PBXResourcesBuildPhase;
			buildActionMask = 2147483647;
			files = (
			);
			runOnlyForDeploymentPostprocessing = 0;
		};
		D94F22DD285A4D2600E22457 /* Resources */ = {
			isa = PBXResourcesBuildPhase;
			buildActionMask = 2147483647;
			files = (
			);
			runOnlyForDeploymentPostprocessing = 0;
		};
/* End PBXResourcesBuildPhase section */

/* Begin PBXShellScriptBuildPhase section */
		27701A24FFE764DD0A53FE05 /* [CP] Check Pods Manifest.lock */ = {
			isa = PBXShellScriptBuildPhase;
			buildActionMask = 2147483647;
			files = (
			);
			inputFileListPaths = (
			);
			inputPaths = (
				"${PODS_PODFILE_DIR_PATH}/Podfile.lock",
				"${PODS_ROOT}/Manifest.lock",
			);
			name = "[CP] Check Pods Manifest.lock";
			outputFileListPaths = (
			);
			outputPaths = (
				"$(DERIVED_FILE_DIR)/Pods-FlixterTests-checkManifestLockResult.txt",
			);
			runOnlyForDeploymentPostprocessing = 0;
			shellPath = /bin/sh;
			shellScript = "diff \"${PODS_PODFILE_DIR_PATH}/Podfile.lock\" \"${PODS_ROOT}/Manifest.lock\" > /dev/null\nif [ $? != 0 ] ; then\n    # print error to STDERR\n    echo \"error: The sandbox is not in sync with the Podfile.lock. Run 'pod install' or update your CocoaPods installation.\" >&2\n    exit 1\nfi\n# This output is used by Xcode 'outputs' to avoid re-running this script phase.\necho \"SUCCESS\" > \"${SCRIPT_OUTPUT_FILE_0}\"\n";
			showEnvVarsInLog = 0;
		};
		850F85C6ECE1F1F9388D7323 /* [CP] Check Pods Manifest.lock */ = {
			isa = PBXShellScriptBuildPhase;
			buildActionMask = 2147483647;
			files = (
			);
			inputFileListPaths = (
			);
			inputPaths = (
				"${PODS_PODFILE_DIR_PATH}/Podfile.lock",
				"${PODS_ROOT}/Manifest.lock",
			);
			name = "[CP] Check Pods Manifest.lock";
			outputFileListPaths = (
			);
			outputPaths = (
				"$(DERIVED_FILE_DIR)/Pods-Flixter-checkManifestLockResult.txt",
			);
			runOnlyForDeploymentPostprocessing = 0;
			shellPath = /bin/sh;
			shellScript = "diff \"${PODS_PODFILE_DIR_PATH}/Podfile.lock\" \"${PODS_ROOT}/Manifest.lock\" > /dev/null\nif [ $? != 0 ] ; then\n    # print error to STDERR\n    echo \"error: The sandbox is not in sync with the Podfile.lock. Run 'pod install' or update your CocoaPods installation.\" >&2\n    exit 1\nfi\n# This output is used by Xcode 'outputs' to avoid re-running this script phase.\necho \"SUCCESS\" > \"${SCRIPT_OUTPUT_FILE_0}\"\n";
			showEnvVarsInLog = 0;
		};
		8B0234E1B270A05AEC2ED103 /* [CP] Embed Pods Frameworks */ = {
			isa = PBXShellScriptBuildPhase;
			buildActionMask = 2147483647;
			files = (
			);
			inputFileListPaths = (
				"${PODS_ROOT}/Target Support Files/Pods-Flixter-FlixterUITests/Pods-Flixter-FlixterUITests-frameworks-${CONFIGURATION}-input-files.xcfilelist",
			);
			name = "[CP] Embed Pods Frameworks";
			outputFileListPaths = (
				"${PODS_ROOT}/Target Support Files/Pods-Flixter-FlixterUITests/Pods-Flixter-FlixterUITests-frameworks-${CONFIGURATION}-output-files.xcfilelist",
			);
			runOnlyForDeploymentPostprocessing = 0;
			shellPath = /bin/sh;
			shellScript = "\"${PODS_ROOT}/Target Support Files/Pods-Flixter-FlixterUITests/Pods-Flixter-FlixterUITests-frameworks.sh\"\n";
			showEnvVarsInLog = 0;
		};
		C0F0B42B1AE2E6AFA200DDA2 /* [CP] Embed Pods Frameworks */ = {
			isa = PBXShellScriptBuildPhase;
			buildActionMask = 2147483647;
			files = (
			);
			inputFileListPaths = (
				"${PODS_ROOT}/Target Support Files/Pods-Flixter/Pods-Flixter-frameworks-${CONFIGURATION}-input-files.xcfilelist",
			);
			name = "[CP] Embed Pods Frameworks";
			outputFileListPaths = (
				"${PODS_ROOT}/Target Support Files/Pods-Flixter/Pods-Flixter-frameworks-${CONFIGURATION}-output-files.xcfilelist",
			);
			runOnlyForDeploymentPostprocessing = 0;
			shellPath = /bin/sh;
			shellScript = "\"${PODS_ROOT}/Target Support Files/Pods-Flixter/Pods-Flixter-frameworks.sh\"\n";
			showEnvVarsInLog = 0;
		};
		CDBAE26DA3EF89E9FE762870 /* [CP] Check Pods Manifest.lock */ = {
			isa = PBXShellScriptBuildPhase;
			buildActionMask = 2147483647;
			files = (
			);
			inputFileListPaths = (
			);
			inputPaths = (
				"${PODS_PODFILE_DIR_PATH}/Podfile.lock",
				"${PODS_ROOT}/Manifest.lock",
			);
			name = "[CP] Check Pods Manifest.lock";
			outputFileListPaths = (
			);
			outputPaths = (
				"$(DERIVED_FILE_DIR)/Pods-Flixter-FlixterUITests-checkManifestLockResult.txt",
			);
			runOnlyForDeploymentPostprocessing = 0;
			shellPath = /bin/sh;
			shellScript = "diff \"${PODS_PODFILE_DIR_PATH}/Podfile.lock\" \"${PODS_ROOT}/Manifest.lock\" > /dev/null\nif [ $? != 0 ] ; then\n    # print error to STDERR\n    echo \"error: The sandbox is not in sync with the Podfile.lock. Run 'pod install' or update your CocoaPods installation.\" >&2\n    exit 1\nfi\n# This output is used by Xcode 'outputs' to avoid re-running this script phase.\necho \"SUCCESS\" > \"${SCRIPT_OUTPUT_FILE_0}\"\n";
			showEnvVarsInLog = 0;
		};
/* End PBXShellScriptBuildPhase section */

/* Begin PBXSourcesBuildPhase section */
		D94F22B6285A4D2500E22457 /* Sources */ = {
			isa = PBXSourcesBuildPhase;
			buildActionMask = 2147483647;
			files = (
				D9F47936285C52360048AD25 /* CollectionViewController.m in Sources */,
				D94F22C5285A4D2500E22457 /* ViewController.m in Sources */,
				D94F22F4285A566F00E22457 /* MovieViewController.m in Sources */,
				D9F4793C285C52D70048AD25 /* CollectionCell.m in Sources */,
				D9CF9FA4285A8B0C00213C2B /* MovieCell.m in Sources */,
				D94F22BF285A4D2500E22457 /* AppDelegate.m in Sources */,
				D94F22D0285A4D2600E22457 /* main.m in Sources */,
				D9F47933285C14440048AD25 /* DetailsViewController.m in Sources */,
				D94F22C2285A4D2500E22457 /* SceneDelegate.m in Sources */,
			);
			runOnlyForDeploymentPostprocessing = 0;
		};
		D94F22D1285A4D2600E22457 /* Sources */ = {
			isa = PBXSourcesBuildPhase;
			buildActionMask = 2147483647;
			files = (
				D94F22DA285A4D2600E22457 /* FlixterTests.m in Sources */,
			);
			runOnlyForDeploymentPostprocessing = 0;
		};
		D94F22DB285A4D2600E22457 /* Sources */ = {
			isa = PBXSourcesBuildPhase;
			buildActionMask = 2147483647;
			files = (
				D94F22E4285A4D2600E22457 /* FlixterUITests.m in Sources */,
				D94F22E6285A4D2600E22457 /* FlixterUITestsLaunchTests.m in Sources */,
			);
			runOnlyForDeploymentPostprocessing = 0;
		};
/* End PBXSourcesBuildPhase section */

/* Begin PBXTargetDependency section */
		D94F22D7285A4D2600E22457 /* PBXTargetDependency */ = {
			isa = PBXTargetDependency;
			target = D94F22B9285A4D2500E22457 /* Flixter */;
			targetProxy = D94F22D6285A4D2600E22457 /* PBXContainerItemProxy */;
		};
		D94F22E1285A4D2600E22457 /* PBXTargetDependency */ = {
			isa = PBXTargetDependency;
			target = D94F22B9285A4D2500E22457 /* Flixter */;
			targetProxy = D94F22E0285A4D2600E22457 /* PBXContainerItemProxy */;
		};
/* End PBXTargetDependency section */

/* Begin PBXVariantGroup section */
		D94F22C6285A4D2500E22457 /* Main.storyboard */ = {
			isa = PBXVariantGroup;
			children = (
				D94F22C7285A4D2500E22457 /* Base */,
			);
			name = Main.storyboard;
			sourceTree = "<group>";
		};
		D94F22CB285A4D2600E22457 /* LaunchScreen.storyboard */ = {
			isa = PBXVariantGroup;
			children = (
				D94F22CC285A4D2600E22457 /* Base */,
			);
			name = LaunchScreen.storyboard;
			sourceTree = "<group>";
		};
/* End PBXVariantGroup section */

/* Begin XCBuildConfiguration section */
		D94F22E7285A4D2600E22457 /* Debug */ = {
			isa = XCBuildConfiguration;
			buildSettings = {
				ALWAYS_SEARCH_USER_PATHS = NO;
				CLANG_ANALYZER_NONNULL = YES;
				CLANG_ANALYZER_NUMBER_OBJECT_CONVERSION = YES_AGGRESSIVE;
				CLANG_CXX_LANGUAGE_STANDARD = "gnu++17";
				CLANG_ENABLE_MODULES = YES;
				CLANG_ENABLE_OBJC_ARC = YES;
				CLANG_ENABLE_OBJC_WEAK = YES;
				CLANG_WARN_BLOCK_CAPTURE_AUTORELEASING = YES;
				CLANG_WARN_BOOL_CONVERSION = YES;
				CLANG_WARN_COMMA = YES;
				CLANG_WARN_CONSTANT_CONVERSION = YES;
				CLANG_WARN_DEPRECATED_OBJC_IMPLEMENTATIONS = YES;
				CLANG_WARN_DIRECT_OBJC_ISA_USAGE = YES_ERROR;
				CLANG_WARN_DOCUMENTATION_COMMENTS = YES;
				CLANG_WARN_EMPTY_BODY = YES;
				CLANG_WARN_ENUM_CONVERSION = YES;
				CLANG_WARN_INFINITE_RECURSION = YES;
				CLANG_WARN_INT_CONVERSION = YES;
				CLANG_WARN_NON_LITERAL_NULL_CONVERSION = YES;
				CLANG_WARN_OBJC_IMPLICIT_RETAIN_SELF = YES;
				CLANG_WARN_OBJC_LITERAL_CONVERSION = YES;
				CLANG_WARN_OBJC_ROOT_CLASS = YES_ERROR;
				CLANG_WARN_QUOTED_INCLUDE_IN_FRAMEWORK_HEADER = YES;
				CLANG_WARN_RANGE_LOOP_ANALYSIS = YES;
				CLANG_WARN_STRICT_PROTOTYPES = YES;
				CLANG_WARN_SUSPICIOUS_MOVE = YES;
				CLANG_WARN_UNGUARDED_AVAILABILITY = YES_AGGRESSIVE;
				CLANG_WARN_UNREACHABLE_CODE = YES;
				CLANG_WARN__DUPLICATE_METHOD_MATCH = YES;
				COPY_PHASE_STRIP = NO;
				DEBUG_INFORMATION_FORMAT = dwarf;
				ENABLE_STRICT_OBJC_MSGSEND = YES;
				ENABLE_TESTABILITY = YES;
				GCC_C_LANGUAGE_STANDARD = gnu11;
				GCC_DYNAMIC_NO_PIC = NO;
				GCC_NO_COMMON_BLOCKS = YES;
				GCC_OPTIMIZATION_LEVEL = 0;
				GCC_PREPROCESSOR_DEFINITIONS = (
					"DEBUG=1",
					"$(inherited)",
				);
				GCC_WARN_64_TO_32_BIT_CONVERSION = YES;
				GCC_WARN_ABOUT_RETURN_TYPE = YES_ERROR;
				GCC_WARN_UNDECLARED_SELECTOR = YES;
				GCC_WARN_UNINITIALIZED_AUTOS = YES_AGGRESSIVE;
				GCC_WARN_UNUSED_FUNCTION = YES;
				GCC_WARN_UNUSED_VARIABLE = YES;
				IPHONEOS_DEPLOYMENT_TARGET = 15.5;
				MTL_ENABLE_DEBUG_INFO = INCLUDE_SOURCE;
				MTL_FAST_MATH = YES;
				ONLY_ACTIVE_ARCH = YES;
				SDKROOT = iphoneos;
			};
			name = Debug;
		};
		D94F22E8285A4D2600E22457 /* Release */ = {
			isa = XCBuildConfiguration;
			buildSettings = {
				ALWAYS_SEARCH_USER_PATHS = NO;
				CLANG_ANALYZER_NONNULL = YES;
				CLANG_ANALYZER_NUMBER_OBJECT_CONVERSION = YES_AGGRESSIVE;
				CLANG_CXX_LANGUAGE_STANDARD = "gnu++17";
				CLANG_ENABLE_MODULES = YES;
				CLANG_ENABLE_OBJC_ARC = YES;
				CLANG_ENABLE_OBJC_WEAK = YES;
				CLANG_WARN_BLOCK_CAPTURE_AUTORELEASING = YES;
				CLANG_WARN_BOOL_CONVERSION = YES;
				CLANG_WARN_COMMA = YES;
				CLANG_WARN_CONSTANT_CONVERSION = YES;
				CLANG_WARN_DEPRECATED_OBJC_IMPLEMENTATIONS = YES;
				CLANG_WARN_DIRECT_OBJC_ISA_USAGE = YES_ERROR;
				CLANG_WARN_DOCUMENTATION_COMMENTS = YES;
				CLANG_WARN_EMPTY_BODY = YES;
				CLANG_WARN_ENUM_CONVERSION = YES;
				CLANG_WARN_INFINITE_RECURSION = YES;
				CLANG_WARN_INT_CONVERSION = YES;
				CLANG_WARN_NON_LITERAL_NULL_CONVERSION = YES;
				CLANG_WARN_OBJC_IMPLICIT_RETAIN_SELF = YES;
				CLANG_WARN_OBJC_LITERAL_CONVERSION = YES;
				CLANG_WARN_OBJC_ROOT_CLASS = YES_ERROR;
				CLANG_WARN_QUOTED_INCLUDE_IN_FRAMEWORK_HEADER = YES;
				CLANG_WARN_RANGE_LOOP_ANALYSIS = YES;
				CLANG_WARN_STRICT_PROTOTYPES = YES;
				CLANG_WARN_SUSPICIOUS_MOVE = YES;
				CLANG_WARN_UNGUARDED_AVAILABILITY = YES_AGGRESSIVE;
				CLANG_WARN_UNREACHABLE_CODE = YES;
				CLANG_WARN__DUPLICATE_METHOD_MATCH = YES;
				COPY_PHASE_STRIP = NO;
				DEBUG_INFORMATION_FORMAT = "dwarf-with-dsym";
				ENABLE_NS_ASSERTIONS = NO;
				ENABLE_STRICT_OBJC_MSGSEND = YES;
				GCC_C_LANGUAGE_STANDARD = gnu11;
				GCC_NO_COMMON_BLOCKS = YES;
				GCC_WARN_64_TO_32_BIT_CONVERSION = YES;
				GCC_WARN_ABOUT_RETURN_TYPE = YES_ERROR;
				GCC_WARN_UNDECLARED_SELECTOR = YES;
				GCC_WARN_UNINITIALIZED_AUTOS = YES_AGGRESSIVE;
				GCC_WARN_UNUSED_FUNCTION = YES;
				GCC_WARN_UNUSED_VARIABLE = YES;
				IPHONEOS_DEPLOYMENT_TARGET = 15.5;
				MTL_ENABLE_DEBUG_INFO = NO;
				MTL_FAST_MATH = YES;
				SDKROOT = iphoneos;
				VALIDATE_PRODUCT = YES;
			};
			name = Release;
		};
		D94F22EA285A4D2600E22457 /* Debug */ = {
			isa = XCBuildConfiguration;
			baseConfigurationReference = 256681909863D5C4BA78F00D /* Pods-Flixter.debug.xcconfig */;
			buildSettings = {
				ASSETCATALOG_COMPILER_APPICON_NAME = AppIcon;
				ASSETCATALOG_COMPILER_GLOBAL_ACCENT_COLOR_NAME = AccentColor;
				CODE_SIGN_STYLE = Automatic;
				CURRENT_PROJECT_VERSION = 1;
				DEVELOPMENT_TEAM = 8P98385QWU;
				GENERATE_INFOPLIST_FILE = YES;
				INFOPLIST_FILE = Flixter/Info.plist;
				INFOPLIST_KEY_UIApplicationSupportsIndirectInputEvents = YES;
				INFOPLIST_KEY_UILaunchStoryboardName = LaunchScreen;
				INFOPLIST_KEY_UIMainStoryboardFile = Main;
				INFOPLIST_KEY_UISupportedInterfaceOrientations_iPad = "UIInterfaceOrientationPortrait UIInterfaceOrientationPortraitUpsideDown UIInterfaceOrientationLandscapeLeft UIInterfaceOrientationLandscapeRight";
				INFOPLIST_KEY_UISupportedInterfaceOrientations_iPhone = "UIInterfaceOrientationPortrait UIInterfaceOrientationLandscapeLeft UIInterfaceOrientationLandscapeRight";
				LD_RUNPATH_SEARCH_PATHS = (
					"$(inherited)",
					"@executable_path/Frameworks",
				);
				MARKETING_VERSION = 1.0;
				PRODUCT_BUNDLE_IDENTIFIER = com.Tip.Flixter;
				PRODUCT_NAME = "$(TARGET_NAME)";
				SWIFT_EMIT_LOC_STRINGS = YES;
				TARGETED_DEVICE_FAMILY = "1,2";
			};
			name = Debug;
		};
		D94F22EB285A4D2600E22457 /* Release */ = {
			isa = XCBuildConfiguration;
			baseConfigurationReference = D769453322A35C7C7015FF39 /* Pods-Flixter.release.xcconfig */;
			buildSettings = {
				ASSETCATALOG_COMPILER_APPICON_NAME = AppIcon;
				ASSETCATALOG_COMPILER_GLOBAL_ACCENT_COLOR_NAME = AccentColor;
				CODE_SIGN_STYLE = Automatic;
				CURRENT_PROJECT_VERSION = 1;
				DEVELOPMENT_TEAM = 8P98385QWU;
				GENERATE_INFOPLIST_FILE = YES;
				INFOPLIST_FILE = Flixter/Info.plist;
				INFOPLIST_KEY_UIApplicationSupportsIndirectInputEvents = YES;
				INFOPLIST_KEY_UILaunchStoryboardName = LaunchScreen;
				INFOPLIST_KEY_UIMainStoryboardFile = Main;
				INFOPLIST_KEY_UISupportedInterfaceOrientations_iPad = "UIInterfaceOrientationPortrait UIInterfaceOrientationPortraitUpsideDown UIInterfaceOrientationLandscapeLeft UIInterfaceOrientationLandscapeRight";
				INFOPLIST_KEY_UISupportedInterfaceOrientations_iPhone = "UIInterfaceOrientationPortrait UIInterfaceOrientationLandscapeLeft UIInterfaceOrientationLandscapeRight";
				LD_RUNPATH_SEARCH_PATHS = (
					"$(inherited)",
					"@executable_path/Frameworks",
				);
				MARKETING_VERSION = 1.0;
				PRODUCT_BUNDLE_IDENTIFIER = com.Tip.Flixter;
				PRODUCT_NAME = "$(TARGET_NAME)";
				SWIFT_EMIT_LOC_STRINGS = YES;
				TARGETED_DEVICE_FAMILY = "1,2";
			};
			name = Release;
		};
		D94F22ED285A4D2600E22457 /* Debug */ = {
			isa = XCBuildConfiguration;
			baseConfigurationReference = 90BE8668A2EE2ABB13D18AA0 /* Pods-FlixterTests.debug.xcconfig */;
			buildSettings = {
				BUNDLE_LOADER = "$(TEST_HOST)";
				CODE_SIGN_STYLE = Automatic;
				CURRENT_PROJECT_VERSION = 1;
				DEVELOPMENT_TEAM = 8P98385QWU;
				GENERATE_INFOPLIST_FILE = YES;
				IPHONEOS_DEPLOYMENT_TARGET = 15.5;
				MARKETING_VERSION = 1.0;
				PRODUCT_BUNDLE_IDENTIFIER = com.Tip.FlixterTests;
				PRODUCT_NAME = "$(TARGET_NAME)";
				SWIFT_EMIT_LOC_STRINGS = NO;
				TARGETED_DEVICE_FAMILY = "1,2";
				TEST_HOST = "$(BUILT_PRODUCTS_DIR)/Flixter.app/Flixter";
			};
			name = Debug;
		};
		D94F22EE285A4D2600E22457 /* Release */ = {
			isa = XCBuildConfiguration;
			baseConfigurationReference = 7C6E8EF46D8941344D3EC6B2 /* Pods-FlixterTests.release.xcconfig */;
			buildSettings = {
				BUNDLE_LOADER = "$(TEST_HOST)";
				CODE_SIGN_STYLE = Automatic;
				CURRENT_PROJECT_VERSION = 1;
				DEVELOPMENT_TEAM = 8P98385QWU;
				GENERATE_INFOPLIST_FILE = YES;
				IPHONEOS_DEPLOYMENT_TARGET = 15.5;
				MARKETING_VERSION = 1.0;
				PRODUCT_BUNDLE_IDENTIFIER = com.Tip.FlixterTests;
				PRODUCT_NAME = "$(TARGET_NAME)";
				SWIFT_EMIT_LOC_STRINGS = NO;
				TARGETED_DEVICE_FAMILY = "1,2";
				TEST_HOST = "$(BUILT_PRODUCTS_DIR)/Flixter.app/Flixter";
			};
			name = Release;
		};
		D94F22F0285A4D2600E22457 /* Debug */ = {
			isa = XCBuildConfiguration;
			baseConfigurationReference = 9742918B26DD309616BB2E5A /* Pods-Flixter-FlixterUITests.debug.xcconfig */;
			buildSettings = {
				CODE_SIGN_STYLE = Automatic;
				CURRENT_PROJECT_VERSION = 1;
				DEVELOPMENT_TEAM = 8P98385QWU;
				GENERATE_INFOPLIST_FILE = YES;
				MARKETING_VERSION = 1.0;
				PRODUCT_BUNDLE_IDENTIFIER = com.Tip.FlixterUITests;
				PRODUCT_NAME = "$(TARGET_NAME)";
				SWIFT_EMIT_LOC_STRINGS = NO;
				TARGETED_DEVICE_FAMILY = "1,2";
				TEST_TARGET_NAME = Flixter;
			};
			name = Debug;
		};
		D94F22F1285A4D2600E22457 /* Release */ = {
			isa = XCBuildConfiguration;
			baseConfigurationReference = 102D187E444B499CEA942A07 /* Pods-Flixter-FlixterUITests.release.xcconfig */;
			buildSettings = {
				CODE_SIGN_STYLE = Automatic;
				CURRENT_PROJECT_VERSION = 1;
				DEVELOPMENT_TEAM = 8P98385QWU;
				GENERATE_INFOPLIST_FILE = YES;
				MARKETING_VERSION = 1.0;
				PRODUCT_BUNDLE_IDENTIFIER = com.Tip.FlixterUITests;
				PRODUCT_NAME = "$(TARGET_NAME)";
				SWIFT_EMIT_LOC_STRINGS = NO;
				TARGETED_DEVICE_FAMILY = "1,2";
				TEST_TARGET_NAME = Flixter;
			};
			name = Release;
		};
/* End XCBuildConfiguration section */

/* Begin XCConfigurationList section */
		D94F22B5285A4D2500E22457 /* Build configuration list for PBXProject "Flixter" */ = {
			isa = XCConfigurationList;
			buildConfigurations = (
				D94F22E7285A4D2600E22457 /* Debug */,
				D94F22E8285A4D2600E22457 /* Release */,
			);
			defaultConfigurationIsVisible = 0;
			defaultConfigurationName = Release;
		};
		D94F22E9285A4D2600E22457 /* Build configuration list for PBXNativeTarget "Flixter" */ = {
			isa = XCConfigurationList;
			buildConfigurations = (
				D94F22EA285A4D2600E22457 /* Debug */,
				D94F22EB285A4D2600E22457 /* Release */,
			);
			defaultConfigurationIsVisible = 0;
			defaultConfigurationName = Release;
		};
		D94F22EC285A4D2600E22457 /* Build configuration list for PBXNativeTarget "FlixterTests" */ = {
			isa = XCConfigurationList;
			buildConfigurations = (
				D94F22ED285A4D2600E22457 /* Debug */,
				D94F22EE285A4D2600E22457 /* Release */,
			);
			defaultConfigurationIsVisible = 0;
			defaultConfigurationName = Release;
		};
		D94F22EF285A4D2600E22457 /* Build configuration list for PBXNativeTarget "FlixterUITests" */ = {
			isa = XCConfigurationList;
			buildConfigurations = (
				D94F22F0285A4D2600E22457 /* Debug */,
				D94F22F1285A4D2600E22457 /* Release */,
			);
			defaultConfigurationIsVisible = 0;
			defaultConfigurationName = Release;
		};
/* End XCConfigurationList section */
	};
	rootObject = D94F22B2285A4D2500E22457 /* Project object */;
}
